
Microsoft Visual Studio Solution File, Format Version 12.00
# Visual Studio Version 17
VisualStudioVersion = 17.5.33414.496
MinimumVisualStudioVersion = 10.0.40219.1
Project("{9A19103F-16F7-4668-BE54-9A1E7A4F7556}") = "Developer.ExtensionCore", "Developer.ExtensionCore\Developer.ExtensionCore.csproj", "{EBF833BB-8E8A-4166-A35F-020527CBC7B0}"
EndProject
Project("{9A19103F-16F7-4668-BE54-9A1E7A4F7556}") = "Developer.TestProject", "Developer.TestProject\Developer.TestProject.csproj", "{7251974B-C34B-41BA-B3EF-F415A32E1998}"
EndProject
Global
	GlobalSection(SolutionConfigurationPlatforms) = preSolution
		Debug|Any CPU = Debug|Any CPU
		Release|Any CPU = Release|Any CPU
	EndGlobalSection
	GlobalSection(ProjectConfigurationPlatforms) = postSolution
		{EBF833BB-8E8A-4166-A35F-020527CBC7B0}.Debug|Any CPU.ActiveCfg = Debug|Any CPU
		{EBF833BB-8E8A-4166-A35F-020527CBC7B0}.Debug|Any CPU.Build.0 = Debug|Any CPU
		{EBF833BB-8E8A-4166-A35F-020527CBC7B0}.Release|Any CPU.ActiveCfg = Release|Any CPU
		{EBF833BB-8E8A-4166-A35F-020527CBC7B0}.Release|Any CPU.Build.0 = Release|Any CPU
		{7251974B-C34B-41BA-B3EF-F415A32E1998}.Debug|Any CPU.ActiveCfg = Debug|Any CPU
		{7251974B-C34B-41BA-B3EF-F415A32E1998}.Debug|Any CPU.Build.0 = Debug|Any CPU
		{7251974B-C34B-41BA-B3EF-F415A32E1998}.Release|Any CPU.ActiveCfg = Release|Any CPU
		{7251974B-C34B-41BA-B3EF-F415A32E1998}.Release|Any CPU.Build.0 = Release|Any CPU
	EndGlobalSection
	GlobalSection(SolutionProperties) = preSolution
		HideSolutionNode = FALSE
	EndGlobalSection
	GlobalSection(ExtensibilityGlobals) = postSolution
		SolutionGuid = {363BCC21-AA1E-43F3-91E5-6F57C751C771}
	EndGlobalSection
EndGlobal
